PODS:
  - background_locator_2 (0.0.1):
    - Flutter
  - Flutter (1.0.0)
  - flutter_activity_recognition (0.0.1):
    - Flutter
  - flutter_secure_storage (6.0.0):
    - Flutter
  - objective_c (0.0.1):
    - Flutter
  - permission_handler_apple (9.3.0):
    - Flutter
  - super_keyboard (0.0.1):
    - Flutter

DEPENDENCIES:
  - background_locator_2 (from `.symlinks/plugins/background_locator_2/ios`)
  - Flutter (from `Flutter`)
  - flutter_activity_recognition (from `.symlinks/plugins/flutter_activity_recognition/ios`)
  - flutter_secure_storage (from `.symlinks/plugins/flutter_secure_storage/ios`)
  - objective_c (from `.symlinks/plugins/objective_c/ios`)
  - permission_handler_apple (from `.symlinks/plugins/permission_handler_apple/ios`)
  - super_keyboard (from `.symlinks/plugins/super_keyboard/ios`)

EXTERNAL SOURCES:
  background_locator_2:
    :path: ".symlinks/plugins/background_locator_2/ios"
  Flutter:
    :path: Flutter
  flutter_activity_recognition:
    :path: ".symlinks/plugins/flutter_activity_recognition/ios"
  flutter_secure_storage:
    :path: ".symlinks/plugins/flutter_secure_storage/ios"
  objective_c:
    :path: ".symlinks/plugins/objective_c/ios"
  permission_handler_apple:
    :path: ".symlinks/plugins/permission_handler_apple/ios"
  super_keyboard:
    :path: ".symlinks/plugins/super_keyboard/ios"

SPEC CHECKSUMS:
  background_locator_2: bee147151ed151802ee8f1cc02f55ee14f77a2e3
  Flutter: e0871f40cf51350855a761d2e70bf5af5b9b5de7
  flutter_activity_recognition: 52dfad4c1e9cec99f0841b3ed0efcc9d424b3deb
  flutter_secure_storage: 1ed9476fba7e7a782b22888f956cce43e2c62f13
  objective_c: 89e720c30d716b036faf9c9684022048eee1eee2
  permission_handler_apple: 4ed2196e43d0651e8ff7ca3483a069d469701f2d
  super_keyboard: 016de6ce9ab826f9a0b185608209d6a3b556d577

PODFILE CHECKSUM: 5be50bc664d8ba34a9ad935f8e1e094823ebb8e8

COCOAPODS: 1.16.2
