{
  "originHash" : "2bc87fcb3b4b4a902419ac6cdf106d14ee642031d6ae0694a791315d7d2b82f5",
  "pins" : [
    {
      "identity" : "maplibre-gl-native-distribution",
      "kind" : "remoteSourceControl",
      "location" : "https://github.com/maplibre/maplibre-gl-native-distribution",
      "state" : {
        "revision" : "3f712ee1e65ef7ed6ca6db07658689aa3d185064",
        "version" : "6.5.0"
      }
    }
  ],
  "version" : 3
}
