{
  "originHash" : "2bc87fcb3b4b4a902419ac6cdf106d14ee642031d6ae0694a791315d7d2b82f5",
  "pins" : [
    {
      "identity" : "maplibre-gl-native-distribution",
      "kind" : "remoteSourceControl",
      "location" : "https://github.com/maplibre/maplibre-gl-native-distribution",
      "state" : {
        "revision" : "82fd2565148fafa3478a2951bb709414950bda6f",
        "version" : "6.12.3"
      }
    }
  ],
  "version" : 3
}
